github.com/partyzanex/testutils v0.0.11 h1:ZtThdN8PXY0rw2t+6CJeP0rYXuvTEAKGtji8GGMPAWM=
github.com/partyzanex/testutils v0.0.11/go.mod h1:/z4eO5ViQeKmB70Go41uAN0CZv1KikkiR4ieuU8ETic=
github.com/pkg/errors v0.8.1 h1:iURUrRGxPUNPdy5/HRSm+Yj6okJ6UtLINN0Q9M4+h3I=
github.com/pkg/errors v0.8.1/go.mod h1:bwawxfHBFNV+L2hUp1rHADufV3IMtnDRdf1r5NINEl0=
